{
    "name": "till-event",
    "version": "0.0.1",
    "lockfileVersion": 2,
    "requires": true,
    "packages": {
        "": {
            "name": "till-event",
            "version": "0.0.1",
            "license": "MIT",
            "dependencies": {
                "hkey-extended-promise": "*"
            },
            "engines": {
                "node": ">=0.1.0"
            }
        },
        "node_modules/hkey-extended-promise": {
            "version": "0.0.1",
            "resolved": "https://registry.npmjs.org/hkey-extended-promise/-/hkey-extended-promise-0.0.1.tgz",
            "integrity": "sha512-Alk8vhCMvAS0/eTAJk3UigOHkX2Lbt4YtMTZ8Oj7GTAghNGLfZVqgANw/bk6yblcT4hYZUZoadu9QqGJ7oz6Vw==",
            "engines": {
                "node": ">=0.1.0"
            }
        }
    },
    "dependencies": {
        "hkey-extended-promise": {
            "version": "0.0.1",
            "resolved": "https://registry.npmjs.org/hkey-extended-promise/-/hkey-extended-promise-0.0.1.tgz",
            "integrity": "sha512-Alk8vhCMvAS0/eTAJk3UigOHkX2Lbt4YtMTZ8Oj7GTAghNGLfZVqgANw/bk6yblcT4hYZUZoadu9QqGJ7oz6Vw=="
        }
    }
}
